
Microsoft Visual Studio Solution File, Format Version 12.00
# Visual Studio Version 17
VisualStudioVersion = 17.0.32112.339
MinimumVisualStudioVersion = 10.0.40219.1
Project("{8BC9CEB8-8B4A-11D0-8D11-00A0C91BC942}") = "Sem3_LR2", "Sem3_LR2\Sem3_LR2.vcxproj", "{BA992279-813B-4364-A15D-6BF2DF85BDD5}"
EndProject
Global
	GlobalSection(SolutionConfigurationPlatforms) = preSolution
		Debug|x64 = Debug|x64
		Debug|x86 = Debug|x86
		Release|x64 = Release|x64
		Release|x86 = Release|x86
	EndGlobalSection
	GlobalSection(ProjectConfigurationPlatforms) = postSolution
		{BA992279-813B-4364-A15D-6BF2DF85BDD5}.Debug|x64.ActiveCfg = Debug|x64
		{BA992279-813B-4364-A15D-6BF2DF85BDD5}.Debug|x64.Build.0 = Debug|x64
		{BA992279-813B-4364-A15D-6BF2DF85BDD5}.Debug|x86.ActiveCfg = Debug|Win32
		{BA992279-813B-4364-A15D-6BF2DF85BDD5}.Debug|x86.Build.0 = Debug|Win32
		{BA992279-813B-4364-A15D-6BF2DF85BDD5}.Release|x64.ActiveCfg = Release|x64
		{BA992279-813B-4364-A15D-6BF2DF85BDD5}.Release|x64.Build.0 = Release|x64
		{BA992279-813B-4364-A15D-6BF2DF85BDD5}.Release|x86.ActiveCfg = Release|Win32
		{BA992279-813B-4364-A15D-6BF2DF85BDD5}.Release|x86.Build.0 = Release|Win32
	EndGlobalSection
	GlobalSection(SolutionProperties) = preSolution
		HideSolutionNode = FALSE
	EndGlobalSection
	GlobalSection(ExtensibilityGlobals) = postSolution
		SolutionGuid = {1F80C550-2E06-4CEB-8439-ADC697F94E54}
	EndGlobalSection
EndGlobal
